
Microsoft Visual Studio Solution File, Format Version 12.00
# Visual Studio 14
VisualStudioVersion = 14.0.25420.1
MinimumVisualStudioVersion = 10.0.40219.1
Project("{FAE04EC0-301F-11D3-BF4B-00C04F79EFBC}") = "StockExchange.Task.App", "StockExchange.Task.App\StockExchange.Task.App.csproj", "{30AB6F4E-A579-418C-BCA0-973F6F6B9C3A}"
	ProjectSection(ProjectDependencies) = postProject
		{C5A583DA-A15F-45B2-A03F-FB20CB23BD1D} = {C5A583DA-A15F-45B2-A03F-FB20CB23BD1D}
	EndProjectSection
EndProject
Project("{FAE04EC0-301F-11D3-BF4B-00C04F79EFBC}") = "StockExchange.Task.Business", "StockExchange.Task.Business\StockExchange.Task.Business.csproj", "{C5A583DA-A15F-45B2-A03F-FB20CB23BD1D}"
EndProject
Project("{FAE04EC0-301F-11D3-BF4B-00C04F79EFBC}") = "StockExchange.DataAccess", "StockExchange.DataAccess\StockExchange.DataAccess.csproj", "{C254649A-33DD-4EAA-BD0E-2AFB3AF7579E}"
EndProject
Project("{FAE04EC0-301F-11D3-BF4B-00C04F79EFBC}") = "StockExchange.Common", "StockExchange.Common\StockExchange.Common.csproj", "{ABF032DB-F0CE-4F94-AD17-AD142B67F448}"
EndProject
Project("{FAE04EC0-301F-11D3-BF4B-00C04F79EFBC}") = "StockExchange.Business", "StockExchange.Business\StockExchange.Business.csproj", "{14A3BA8D-7D94-46F3-A1B9-3C9FC0E2FAC5}"
EndProject
Project("{FAE04EC0-301F-11D3-BF4B-00C04F79EFBC}") = "StockExchange.UnitTest", "StockExchange.UnitTest\StockExchange.UnitTest.csproj", "{D0968525-B2EC-4879-8D08-62566458A121}"
EndProject
Project("{FAE04EC0-301F-11D3-BF4B-00C04F79EFBC}") = "StockExchange.Web", "StockExchange.Web\StockExchange.Web.csproj", "{E3763FF0-5667-4A0A-8E97-BE601F967DDF}"
EndProject
Global
	GlobalSection(SolutionConfigurationPlatforms) = preSolution
		Debug|Any CPU = Debug|Any CPU
		Release|Any CPU = Release|Any CPU
	EndGlobalSection
	GlobalSection(ProjectConfigurationPlatforms) = postSolution
		{30AB6F4E-A579-418C-BCA0-973F6F6B9C3A}.Debug|Any CPU.ActiveCfg = Debug|Any CPU
		{30AB6F4E-A579-418C-BCA0-973F6F6B9C3A}.Debug|Any CPU.Build.0 = Debug|Any CPU
		{30AB6F4E-A579-418C-BCA0-973F6F6B9C3A}.Release|Any CPU.ActiveCfg = Release|Any CPU
		{30AB6F4E-A579-418C-BCA0-973F6F6B9C3A}.Release|Any CPU.Build.0 = Release|Any CPU
		{C5A583DA-A15F-45B2-A03F-FB20CB23BD1D}.Debug|Any CPU.ActiveCfg = Debug|Any CPU
		{C5A583DA-A15F-45B2-A03F-FB20CB23BD1D}.Debug|Any CPU.Build.0 = Debug|Any CPU
		{C5A583DA-A15F-45B2-A03F-FB20CB23BD1D}.Release|Any CPU.ActiveCfg = Release|Any CPU
		{C5A583DA-A15F-45B2-A03F-FB20CB23BD1D}.Release|Any CPU.Build.0 = Release|Any CPU
		{C254649A-33DD-4EAA-BD0E-2AFB3AF7579E}.Debug|Any CPU.ActiveCfg = Debug|Any CPU
		{C254649A-33DD-4EAA-BD0E-2AFB3AF7579E}.Debug|Any CPU.Build.0 = Debug|Any CPU
		{C254649A-33DD-4EAA-BD0E-2AFB3AF7579E}.Release|Any CPU.ActiveCfg = Release|Any CPU
		{C254649A-33DD-4EAA-BD0E-2AFB3AF7579E}.Release|Any CPU.Build.0 = Release|Any CPU
		{ABF032DB-F0CE-4F94-AD17-AD142B67F448}.Debug|Any CPU.ActiveCfg = Debug|Any CPU
		{ABF032DB-F0CE-4F94-AD17-AD142B67F448}.Debug|Any CPU.Build.0 = Debug|Any CPU
		{ABF032DB-F0CE-4F94-AD17-AD142B67F448}.Release|Any CPU.ActiveCfg = Release|Any CPU
		{ABF032DB-F0CE-4F94-AD17-AD142B67F448}.Release|Any CPU.Build.0 = Release|Any CPU
		{14A3BA8D-7D94-46F3-A1B9-3C9FC0E2FAC5}.Debug|Any CPU.ActiveCfg = Debug|Any CPU
		{14A3BA8D-7D94-46F3-A1B9-3C9FC0E2FAC5}.Debug|Any CPU.Build.0 = Debug|Any CPU
		{14A3BA8D-7D94-46F3-A1B9-3C9FC0E2FAC5}.Release|Any CPU.ActiveCfg = Release|Any CPU
		{14A3BA8D-7D94-46F3-A1B9-3C9FC0E2FAC5}.Release|Any CPU.Build.0 = Release|Any CPU
		{D0968525-B2EC-4879-8D08-62566458A121}.Debug|Any CPU.ActiveCfg = Debug|Any CPU
		{D0968525-B2EC-4879-8D08-62566458A121}.Debug|Any CPU.Build.0 = Debug|Any CPU
		{D0968525-B2EC-4879-8D08-62566458A121}.Release|Any CPU.ActiveCfg = Release|Any CPU
		{D0968525-B2EC-4879-8D08-62566458A121}.Release|Any CPU.Build.0 = Release|Any CPU
		{E3763FF0-5667-4A0A-8E97-BE601F967DDF}.Debug|Any CPU.ActiveCfg = Debug|Any CPU
		{E3763FF0-5667-4A0A-8E97-BE601F967DDF}.Debug|Any CPU.Build.0 = Debug|Any CPU
		{E3763FF0-5667-4A0A-8E97-BE601F967DDF}.Release|Any CPU.ActiveCfg = Release|Any CPU
		{E3763FF0-5667-4A0A-8E97-BE601F967DDF}.Release|Any CPU.Build.0 = Release|Any CPU
	EndGlobalSection
	GlobalSection(SolutionProperties) = preSolution
		HideSolutionNode = FALSE
	EndGlobalSection
	GlobalSection(TeamFoundationVersionControl) = preSolution
		SccNumberOfProjects = 8
		SccEnterpriseProvider = {4CA58AB2-18FA-4F8D-95D4-32DDF27D184C}
		SccTeamFoundationServer = https://bartosz-wozniak.visualstudio.com/
		SccLocalPath0 = .
		SccProjectUniqueName1 = StockExchange.Task.App\\StockExchange.Task.App.csproj
		SccProjectName1 = StockExchange.Task.App
		SccLocalPath1 = StockExchange.Task.App
		SccProjectUniqueName2 = StockExchange.Task.Business\\StockExchange.Task.Business.csproj
		SccProjectName2 = StockExchange.Task.Business
		SccLocalPath2 = StockExchange.Task.Business
		SccProjectUniqueName3 = StockExchange.DataAccess\\StockExchange.DataAccess.csproj
		SccProjectName3 = StockExchange.DataAccess
		SccLocalPath3 = StockExchange.DataAccess
		SccProjectUniqueName4 = StockExchange.Common\\StockExchange.Common.csproj
		SccProjectName4 = StockExchange.Common
		SccLocalPath4 = StockExchange.Common
		SccProjectUniqueName5 = StockExchange.Business\\StockExchange.Business.csproj
		SccProjectName5 = StockExchange.Business
		SccLocalPath5 = StockExchange.Business
		SccProjectUniqueName6 = StockExchange.UnitTest\\StockExchange.UnitTest.csproj
		SccProjectName6 = StockExchange.UnitTest
		SccLocalPath6 = StockExchange.UnitTest
		SccProjectUniqueName7 = StockExchange.Web\\StockExchange.Web.csproj
		SccProjectName7 = StockExchange.Web
		SccLocalPath7 = StockExchange.Web
	EndGlobalSection
EndGlobal
